
Microsoft Visual Studio Solution File, Format Version 12.00
# Visual Studio 15
VisualStudioVersion = 15.0.28307.572
MinimumVisualStudioVersion = 10.0.40219.1
Project("{FAE04EC0-301F-11D3-BF4B-00C04F79EFBC}") = "Ubi.Droid", "Ubi.Droid\Ubi.Droid.csproj", "{13BA34AE-3082-42A2-9F8B-1F2DC1DCA48F}"
EndProject
Project("{FAE04EC0-301F-11D3-BF4B-00C04F79EFBC}") = "Ubi.iOS", "Ubi.iOS\Ubi.iOS.csproj", "{4520F993-C87F-454C-8431-FFA46FF9211A}"
EndProject
Project("{9A19103F-16F7-4668-BE54-9A1E7A4F7556}") = "Ubi", "Ubi\Ubi.csproj", "{CDD035AB-E8E6-4822-8854-D5723E6F0A56}"
EndProject
Project("{FAE04EC0-301F-11D3-BF4B-00C04F79EFBC}") = "Liblinphone", "Liblinphone\Liblinphone.csproj", "{81E82D29-86F4-4C27-B38A-3D13BFB51C5F}"
EndProject
Project("{D954291E-2A0B-460D-934E-DC6B0785DB48}") = "LinphoneXamarin", "LinphoneXamarin\LinphoneXamarin.shproj", "{6B3EE86F-B6A2-40D1-83A2-F82CC7FBA8ED}"
EndProject
Project("{9A19103F-16F7-4668-BE54-9A1E7A4F7556}") = "UbiModel", "UbiModel\UbiModel.csproj", "{69D68D72-E4C5-4C6C-BBED-54FA5E17B12D}"
EndProject
Project("{9A19103F-16F7-4668-BE54-9A1E7A4F7556}") = "XUnitTestModel", "XUnitTestModel\XUnitTestModel.csproj", "{B0BA9BA8-6149-46BD-A02E-B0CCC1FDEE45}"
EndProject
Project("{D954291E-2A0B-460D-934E-DC6B0785DB48}") = "UbiModelShared", "..\srcModel\UbiModelShared\UbiModelShared.shproj", "{FAF03393-73B5-452B-A6F3-452FC2EC901A}"
EndProject
Project("{9A19103F-16F7-4668-BE54-9A1E7A4F7556}") = "XUnitTestModelntegration.cs", "XUnitTestModelntegration.cs\XUnitTestModelntegration.cs.csproj", "{B6729F49-DDC0-481F-8DFD-91F0DA59F544}"
EndProject
Global
	GlobalSection(SharedMSBuildProjectFiles) = preSolution
		LinphoneXamarin\LinphoneXamarin.projitems*{13ba34ae-3082-42a2-9f8b-1f2dc1dca48f}*SharedItemsImports = 4
		LinphoneXamarin\LinphoneXamarin.projitems*{6b3ee86f-b6a2-40d1-83a2-f82cc7fba8ed}*SharedItemsImports = 13
		..\srcModel\UbiModelShared\UbiModelShared.projitems*{faf03393-73b5-452b-a6f3-452fc2ec901a}*SharedItemsImports = 13
	EndGlobalSection
	GlobalSection(SolutionConfigurationPlatforms) = preSolution
		Ad-Hoc|Any CPU = Ad-Hoc|Any CPU
		Ad-Hoc|iPhone = Ad-Hoc|iPhone
		Ad-Hoc|iPhoneSimulator = Ad-Hoc|iPhoneSimulator
		AppStore|Any CPU = AppStore|Any CPU
		AppStore|iPhone = AppStore|iPhone
		AppStore|iPhoneSimulator = AppStore|iPhoneSimulator
		Debug|Any CPU = Debug|Any CPU
		Debug|iPhone = Debug|iPhone
		Debug|iPhoneSimulator = Debug|iPhoneSimulator
		Gorilla|Any CPU = Gorilla|Any CPU
		Gorilla|iPhone = Gorilla|iPhone
		Gorilla|iPhoneSimulator = Gorilla|iPhoneSimulator
		Release|Any CPU = Release|Any CPU
		Release|iPhone = Release|iPhone
		Release|iPhoneSimulator = Release|iPhoneSimulator
	EndGlobalSection
	GlobalSection(ProjectConfigurationPlatforms) = postSolution
		{13BA34AE-3082-42A2-9F8B-1F2DC1DCA48F}.Ad-Hoc|Any CPU.ActiveCfg = Release|Any CPU
		{13BA34AE-3082-42A2-9F8B-1F2DC1DCA48F}.Ad-Hoc|Any CPU.Build.0 = Release|Any CPU
		{13BA34AE-3082-42A2-9F8B-1F2DC1DCA48F}.Ad-Hoc|Any CPU.Deploy.0 = Release|Any CPU
		{13BA34AE-3082-42A2-9F8B-1F2DC1DCA48F}.Ad-Hoc|iPhone.ActiveCfg = Debug|Any CPU
		{13BA34AE-3082-42A2-9F8B-1F2DC1DCA48F}.Ad-Hoc|iPhone.Build.0 = Debug|Any CPU
		{13BA34AE-3082-42A2-9F8B-1F2DC1DCA48F}.Ad-Hoc|iPhoneSimulator.ActiveCfg = Release|iPhoneSimulator
		{13BA34AE-3082-42A2-9F8B-1F2DC1DCA48F}.Ad-Hoc|iPhoneSimulator.Build.0 = Release|iPhoneSimulator
		{13BA34AE-3082-42A2-9F8B-1F2DC1DCA48F}.Ad-Hoc|iPhoneSimulator.Deploy.0 = Release|iPhoneSimulator
		{13BA34AE-3082-42A2-9F8B-1F2DC1DCA48F}.AppStore|Any CPU.ActiveCfg = Release|Any CPU
		{13BA34AE-3082-42A2-9F8B-1F2DC1DCA48F}.AppStore|Any CPU.Build.0 = Release|Any CPU
		{13BA34AE-3082-42A2-9F8B-1F2DC1DCA48F}.AppStore|Any CPU.Deploy.0 = Release|Any CPU
		{13BA34AE-3082-42A2-9F8B-1F2DC1DCA48F}.AppStore|iPhone.ActiveCfg = Debug|Any CPU
		{13BA34AE-3082-42A2-9F8B-1F2DC1DCA48F}.AppStore|iPhone.Build.0 = Debug|Any CPU
		{13BA34AE-3082-42A2-9F8B-1F2DC1DCA48F}.AppStore|iPhoneSimulator.ActiveCfg = Release|iPhoneSimulator
		{13BA34AE-3082-42A2-9F8B-1F2DC1DCA48F}.AppStore|iPhoneSimulator.Build.0 = Release|iPhoneSimulator
		{13BA34AE-3082-42A2-9F8B-1F2DC1DCA48F}.AppStore|iPhoneSimulator.Deploy.0 = Release|iPhoneSimulator
		{13BA34AE-3082-42A2-9F8B-1F2DC1DCA48F}.Debug|Any CPU.ActiveCfg = Debug|Any CPU
		{13BA34AE-3082-42A2-9F8B-1F2DC1DCA48F}.Debug|Any CPU.Build.0 = Debug|Any CPU
		{13BA34AE-3082-42A2-9F8B-1F2DC1DCA48F}.Debug|Any CPU.Deploy.0 = Debug|Any CPU
		{13BA34AE-3082-42A2-9F8B-1F2DC1DCA48F}.Debug|iPhone.ActiveCfg = Debug|Any CPU
		{13BA34AE-3082-42A2-9F8B-1F2DC1DCA48F}.Debug|iPhone.Build.0 = Debug|Any CPU
		{13BA34AE-3082-42A2-9F8B-1F2DC1DCA48F}.Debug|iPhoneSimulator.ActiveCfg = Debug|Any CPU
		{13BA34AE-3082-42A2-9F8B-1F2DC1DCA48F}.Debug|iPhoneSimulator.Build.0 = Debug|Any CPU
		{13BA34AE-3082-42A2-9F8B-1F2DC1DCA48F}.Debug|iPhoneSimulator.Deploy.0 = Debug|Any CPU
		{13BA34AE-3082-42A2-9F8B-1F2DC1DCA48F}.Gorilla|Any CPU.ActiveCfg = Gorilla|Any CPU
		{13BA34AE-3082-42A2-9F8B-1F2DC1DCA48F}.Gorilla|Any CPU.Build.0 = Gorilla|Any CPU
		{13BA34AE-3082-42A2-9F8B-1F2DC1DCA48F}.Gorilla|Any CPU.Deploy.0 = Gorilla|Any CPU
		{13BA34AE-3082-42A2-9F8B-1F2DC1DCA48F}.Gorilla|iPhone.ActiveCfg = Gorilla|iPhone
		{13BA34AE-3082-42A2-9F8B-1F2DC1DCA48F}.Gorilla|iPhone.Build.0 = Gorilla|iPhone
		{13BA34AE-3082-42A2-9F8B-1F2DC1DCA48F}.Gorilla|iPhoneSimulator.ActiveCfg = Gorilla|iPhoneSimulator
		{13BA34AE-3082-42A2-9F8B-1F2DC1DCA48F}.Gorilla|iPhoneSimulator.Build.0 = Gorilla|iPhoneSimulator
		{13BA34AE-3082-42A2-9F8B-1F2DC1DCA48F}.Release|Any CPU.ActiveCfg = Release|Any CPU
		{13BA34AE-3082-42A2-9F8B-1F2DC1DCA48F}.Release|Any CPU.Build.0 = Release|Any CPU
		{13BA34AE-3082-42A2-9F8B-1F2DC1DCA48F}.Release|iPhone.ActiveCfg = Release|Any CPU
		{13BA34AE-3082-42A2-9F8B-1F2DC1DCA48F}.Release|iPhone.Build.0 = Release|Any CPU
		{13BA34AE-3082-42A2-9F8B-1F2DC1DCA48F}.Release|iPhoneSimulator.ActiveCfg = Release|Any CPU
		{13BA34AE-3082-42A2-9F8B-1F2DC1DCA48F}.Release|iPhoneSimulator.Build.0 = Release|Any CPU
		{4520F993-C87F-454C-8431-FFA46FF9211A}.Ad-Hoc|Any CPU.ActiveCfg = Ad-Hoc|Any CPU
		{4520F993-C87F-454C-8431-FFA46FF9211A}.Ad-Hoc|Any CPU.Build.0 = Ad-Hoc|Any CPU
		{4520F993-C87F-454C-8431-FFA46FF9211A}.Ad-Hoc|iPhone.ActiveCfg = Ad-Hoc|iPhone
		{4520F993-C87F-454C-8431-FFA46FF9211A}.Ad-Hoc|iPhone.Build.0 = Ad-Hoc|iPhone
		{4520F993-C87F-454C-8431-FFA46FF9211A}.Ad-Hoc|iPhoneSimulator.ActiveCfg = Ad-Hoc|iPhoneSimulator
		{4520F993-C87F-454C-8431-FFA46FF9211A}.Ad-Hoc|iPhoneSimulator.Build.0 = Ad-Hoc|iPhoneSimulator
		{4520F993-C87F-454C-8431-FFA46FF9211A}.AppStore|Any CPU.ActiveCfg = AppStore|Any CPU
		{4520F993-C87F-454C-8431-FFA46FF9211A}.AppStore|Any CPU.Build.0 = AppStore|Any CPU
		{4520F993-C87F-454C-8431-FFA46FF9211A}.AppStore|iPhone.ActiveCfg = AppStore|iPhone
		{4520F993-C87F-454C-8431-FFA46FF9211A}.AppStore|iPhone.Build.0 = AppStore|iPhone
		{4520F993-C87F-454C-8431-FFA46FF9211A}.AppStore|iPhoneSimulator.ActiveCfg = AppStore|iPhoneSimulator
		{4520F993-C87F-454C-8431-FFA46FF9211A}.AppStore|iPhoneSimulator.Build.0 = AppStore|iPhoneSimulator
		{4520F993-C87F-454C-8431-FFA46FF9211A}.Debug|Any CPU.ActiveCfg = Debug|iPhoneSimulator
		{4520F993-C87F-454C-8431-FFA46FF9211A}.Debug|Any CPU.Build.0 = Debug|iPhoneSimulator
		{4520F993-C87F-454C-8431-FFA46FF9211A}.Debug|iPhone.ActiveCfg = Debug|iPhone
		{4520F993-C87F-454C-8431-FFA46FF9211A}.Debug|iPhone.Build.0 = Debug|iPhone
		{4520F993-C87F-454C-8431-FFA46FF9211A}.Debug|iPhoneSimulator.ActiveCfg = Debug|iPhoneSimulator
		{4520F993-C87F-454C-8431-FFA46FF9211A}.Debug|iPhoneSimulator.Build.0 = Debug|iPhoneSimulator
		{4520F993-C87F-454C-8431-FFA46FF9211A}.Gorilla|Any CPU.ActiveCfg = Gorilla|iPhoneSimulator
		{4520F993-C87F-454C-8431-FFA46FF9211A}.Gorilla|Any CPU.Build.0 = Gorilla|iPhoneSimulator
		{4520F993-C87F-454C-8431-FFA46FF9211A}.Gorilla|iPhone.ActiveCfg = Gorilla|iPhone
		{4520F993-C87F-454C-8431-FFA46FF9211A}.Gorilla|iPhone.Build.0 = Gorilla|iPhone
		{4520F993-C87F-454C-8431-FFA46FF9211A}.Gorilla|iPhoneSimulator.ActiveCfg = Gorilla|iPhoneSimulator
		{4520F993-C87F-454C-8431-FFA46FF9211A}.Gorilla|iPhoneSimulator.Build.0 = Gorilla|iPhoneSimulator
		{4520F993-C87F-454C-8431-FFA46FF9211A}.Release|Any CPU.ActiveCfg = Release|iPhoneSimulator
		{4520F993-C87F-454C-8431-FFA46FF9211A}.Release|Any CPU.Build.0 = Release|iPhoneSimulator
		{4520F993-C87F-454C-8431-FFA46FF9211A}.Release|iPhone.ActiveCfg = Release|iPhone
		{4520F993-C87F-454C-8431-FFA46FF9211A}.Release|iPhone.Build.0 = Release|iPhone
		{4520F993-C87F-454C-8431-FFA46FF9211A}.Release|iPhoneSimulator.ActiveCfg = Release|iPhoneSimulator
		{4520F993-C87F-454C-8431-FFA46FF9211A}.Release|iPhoneSimulator.Build.0 = Release|iPhoneSimulator
		{CDD035AB-E8E6-4822-8854-D5723E6F0A56}.Ad-Hoc|Any CPU.ActiveCfg = Release|Any CPU
		{CDD035AB-E8E6-4822-8854-D5723E6F0A56}.Ad-Hoc|Any CPU.Build.0 = Release|Any CPU
		{CDD035AB-E8E6-4822-8854-D5723E6F0A56}.Ad-Hoc|iPhone.ActiveCfg = Debug|Any CPU
		{CDD035AB-E8E6-4822-8854-D5723E6F0A56}.Ad-Hoc|iPhone.Build.0 = Debug|Any CPU
		{CDD035AB-E8E6-4822-8854-D5723E6F0A56}.Ad-Hoc|iPhoneSimulator.ActiveCfg = Release|Any CPU
		{CDD035AB-E8E6-4822-8854-D5723E6F0A56}.Ad-Hoc|iPhoneSimulator.Build.0 = Release|Any CPU
		{CDD035AB-E8E6-4822-8854-D5723E6F0A56}.AppStore|Any CPU.ActiveCfg = Release|Any CPU
		{CDD035AB-E8E6-4822-8854-D5723E6F0A56}.AppStore|Any CPU.Build.0 = Release|Any CPU
		{CDD035AB-E8E6-4822-8854-D5723E6F0A56}.AppStore|iPhone.ActiveCfg = Debug|Any CPU
		{CDD035AB-E8E6-4822-8854-D5723E6F0A56}.AppStore|iPhone.Build.0 = Debug|Any CPU
		{CDD035AB-E8E6-4822-8854-D5723E6F0A56}.AppStore|iPhoneSimulator.ActiveCfg = Release|Any CPU
		{CDD035AB-E8E6-4822-8854-D5723E6F0A56}.AppStore|iPhoneSimulator.Build.0 = Release|Any CPU
		{CDD035AB-E8E6-4822-8854-D5723E6F0A56}.Debug|Any CPU.ActiveCfg = Debug|Any CPU
		{CDD035AB-E8E6-4822-8854-D5723E6F0A56}.Debug|Any CPU.Build.0 = Debug|Any CPU
		{CDD035AB-E8E6-4822-8854-D5723E6F0A56}.Debug|iPhone.ActiveCfg = Debug|Any CPU
		{CDD035AB-E8E6-4822-8854-D5723E6F0A56}.Debug|iPhone.Build.0 = Debug|Any CPU
		{CDD035AB-E8E6-4822-8854-D5723E6F0A56}.Debug|iPhoneSimulator.ActiveCfg = Debug|Any CPU
		{CDD035AB-E8E6-4822-8854-D5723E6F0A56}.Debug|iPhoneSimulator.Build.0 = Debug|Any CPU
		{CDD035AB-E8E6-4822-8854-D5723E6F0A56}.Gorilla|Any CPU.ActiveCfg = Release|Any CPU
		{CDD035AB-E8E6-4822-8854-D5723E6F0A56}.Gorilla|Any CPU.Build.0 = Release|Any CPU
		{CDD035AB-E8E6-4822-8854-D5723E6F0A56}.Gorilla|iPhone.ActiveCfg = Release|Any CPU
		{CDD035AB-E8E6-4822-8854-D5723E6F0A56}.Gorilla|iPhone.Build.0 = Release|Any CPU
		{CDD035AB-E8E6-4822-8854-D5723E6F0A56}.Gorilla|iPhoneSimulator.ActiveCfg = Release|Any CPU
		{CDD035AB-E8E6-4822-8854-D5723E6F0A56}.Gorilla|iPhoneSimulator.Build.0 = Release|Any CPU
		{CDD035AB-E8E6-4822-8854-D5723E6F0A56}.Release|Any CPU.ActiveCfg = Release|Any CPU
		{CDD035AB-E8E6-4822-8854-D5723E6F0A56}.Release|Any CPU.Build.0 = Release|Any CPU
		{CDD035AB-E8E6-4822-8854-D5723E6F0A56}.Release|iPhone.ActiveCfg = Release|Any CPU
		{CDD035AB-E8E6-4822-8854-D5723E6F0A56}.Release|iPhone.Build.0 = Release|Any CPU
		{CDD035AB-E8E6-4822-8854-D5723E6F0A56}.Release|iPhoneSimulator.ActiveCfg = Release|Any CPU
		{CDD035AB-E8E6-4822-8854-D5723E6F0A56}.Release|iPhoneSimulator.Build.0 = Release|Any CPU
		{81E82D29-86F4-4C27-B38A-3D13BFB51C5F}.Ad-Hoc|Any CPU.ActiveCfg = Release|Any CPU
		{81E82D29-86F4-4C27-B38A-3D13BFB51C5F}.Ad-Hoc|Any CPU.Build.0 = Release|Any CPU
		{81E82D29-86F4-4C27-B38A-3D13BFB51C5F}.Ad-Hoc|iPhone.ActiveCfg = Release|Any CPU
		{81E82D29-86F4-4C27-B38A-3D13BFB51C5F}.Ad-Hoc|iPhone.Build.0 = Release|Any CPU
		{81E82D29-86F4-4C27-B38A-3D13BFB51C5F}.Ad-Hoc|iPhoneSimulator.ActiveCfg = Release|Any CPU
		{81E82D29-86F4-4C27-B38A-3D13BFB51C5F}.Ad-Hoc|iPhoneSimulator.Build.0 = Release|Any CPU
		{81E82D29-86F4-4C27-B38A-3D13BFB51C5F}.AppStore|Any CPU.ActiveCfg = Release|Any CPU
		{81E82D29-86F4-4C27-B38A-3D13BFB51C5F}.AppStore|Any CPU.Build.0 = Release|Any CPU
		{81E82D29-86F4-4C27-B38A-3D13BFB51C5F}.AppStore|iPhone.ActiveCfg = Release|Any CPU
		{81E82D29-86F4-4C27-B38A-3D13BFB51C5F}.AppStore|iPhone.Build.0 = Release|Any CPU
		{81E82D29-86F4-4C27-B38A-3D13BFB51C5F}.AppStore|iPhoneSimulator.ActiveCfg = Release|Any CPU
		{81E82D29-86F4-4C27-B38A-3D13BFB51C5F}.AppStore|iPhoneSimulator.Build.0 = Release|Any CPU
		{81E82D29-86F4-4C27-B38A-3D13BFB51C5F}.Debug|Any CPU.ActiveCfg = Debug|Any CPU
		{81E82D29-86F4-4C27-B38A-3D13BFB51C5F}.Debug|Any CPU.Build.0 = Debug|Any CPU
		{81E82D29-86F4-4C27-B38A-3D13BFB51C5F}.Debug|iPhone.ActiveCfg = Debug|Any CPU
		{81E82D29-86F4-4C27-B38A-3D13BFB51C5F}.Debug|iPhone.Build.0 = Debug|Any CPU
		{81E82D29-86F4-4C27-B38A-3D13BFB51C5F}.Debug|iPhoneSimulator.ActiveCfg = Debug|Any CPU
		{81E82D29-86F4-4C27-B38A-3D13BFB51C5F}.Debug|iPhoneSimulator.Build.0 = Debug|Any CPU
		{81E82D29-86F4-4C27-B38A-3D13BFB51C5F}.Gorilla|Any CPU.ActiveCfg = Release|Any CPU
		{81E82D29-86F4-4C27-B38A-3D13BFB51C5F}.Gorilla|Any CPU.Build.0 = Release|Any CPU
		{81E82D29-86F4-4C27-B38A-3D13BFB51C5F}.Gorilla|iPhone.ActiveCfg = Release|Any CPU
		{81E82D29-86F4-4C27-B38A-3D13BFB51C5F}.Gorilla|iPhone.Build.0 = Release|Any CPU
		{81E82D29-86F4-4C27-B38A-3D13BFB51C5F}.Gorilla|iPhoneSimulator.ActiveCfg = Release|Any CPU
		{81E82D29-86F4-4C27-B38A-3D13BFB51C5F}.Gorilla|iPhoneSimulator.Build.0 = Release|Any CPU
		{81E82D29-86F4-4C27-B38A-3D13BFB51C5F}.Release|Any CPU.ActiveCfg = Release|Any CPU
		{81E82D29-86F4-4C27-B38A-3D13BFB51C5F}.Release|Any CPU.Build.0 = Release|Any CPU
		{81E82D29-86F4-4C27-B38A-3D13BFB51C5F}.Release|iPhone.ActiveCfg = Release|Any CPU
		{81E82D29-86F4-4C27-B38A-3D13BFB51C5F}.Release|iPhone.Build.0 = Release|Any CPU
		{81E82D29-86F4-4C27-B38A-3D13BFB51C5F}.Release|iPhoneSimulator.ActiveCfg = Release|Any CPU
		{81E82D29-86F4-4C27-B38A-3D13BFB51C5F}.Release|iPhoneSimulator.Build.0 = Release|Any CPU
		{69D68D72-E4C5-4C6C-BBED-54FA5E17B12D}.Ad-Hoc|Any CPU.ActiveCfg = Debug|Any CPU
		{69D68D72-E4C5-4C6C-BBED-54FA5E17B12D}.Ad-Hoc|Any CPU.Build.0 = Debug|Any CPU
		{69D68D72-E4C5-4C6C-BBED-54FA5E17B12D}.Ad-Hoc|iPhone.ActiveCfg = Debug|Any CPU
		{69D68D72-E4C5-4C6C-BBED-54FA5E17B12D}.Ad-Hoc|iPhone.Build.0 = Debug|Any CPU
		{69D68D72-E4C5-4C6C-BBED-54FA5E17B12D}.Ad-Hoc|iPhoneSimulator.ActiveCfg = Debug|Any CPU
		{69D68D72-E4C5-4C6C-BBED-54FA5E17B12D}.Ad-Hoc|iPhoneSimulator.Build.0 = Debug|Any CPU
		{69D68D72-E4C5-4C6C-BBED-54FA5E17B12D}.AppStore|Any CPU.ActiveCfg = Debug|Any CPU
		{69D68D72-E4C5-4C6C-BBED-54FA5E17B12D}.AppStore|Any CPU.Build.0 = Debug|Any CPU
		{69D68D72-E4C5-4C6C-BBED-54FA5E17B12D}.AppStore|iPhone.ActiveCfg = Debug|Any CPU
		{69D68D72-E4C5-4C6C-BBED-54FA5E17B12D}.AppStore|iPhone.Build.0 = Debug|Any CPU
		{69D68D72-E4C5-4C6C-BBED-54FA5E17B12D}.AppStore|iPhoneSimulator.ActiveCfg = Debug|Any CPU
		{69D68D72-E4C5-4C6C-BBED-54FA5E17B12D}.AppStore|iPhoneSimulator.Build.0 = Debug|Any CPU
		{69D68D72-E4C5-4C6C-BBED-54FA5E17B12D}.Debug|Any CPU.ActiveCfg = Debug|Any CPU
		{69D68D72-E4C5-4C6C-BBED-54FA5E17B12D}.Debug|Any CPU.Build.0 = Debug|Any CPU
		{69D68D72-E4C5-4C6C-BBED-54FA5E17B12D}.Debug|iPhone.ActiveCfg = Debug|Any CPU
		{69D68D72-E4C5-4C6C-BBED-54FA5E17B12D}.Debug|iPhone.Build.0 = Debug|Any CPU
		{69D68D72-E4C5-4C6C-BBED-54FA5E17B12D}.Debug|iPhoneSimulator.ActiveCfg = Debug|Any CPU
		{69D68D72-E4C5-4C6C-BBED-54FA5E17B12D}.Debug|iPhoneSimulator.Build.0 = Debug|Any CPU
		{69D68D72-E4C5-4C6C-BBED-54FA5E17B12D}.Gorilla|Any CPU.ActiveCfg = Debug|Any CPU
		{69D68D72-E4C5-4C6C-BBED-54FA5E17B12D}.Gorilla|Any CPU.Build.0 = Debug|Any CPU
		{69D68D72-E4C5-4C6C-BBED-54FA5E17B12D}.Gorilla|iPhone.ActiveCfg = Debug|Any CPU
		{69D68D72-E4C5-4C6C-BBED-54FA5E17B12D}.Gorilla|iPhone.Build.0 = Debug|Any CPU
		{69D68D72-E4C5-4C6C-BBED-54FA5E17B12D}.Gorilla|iPhoneSimulator.ActiveCfg = Debug|Any CPU
		{69D68D72-E4C5-4C6C-BBED-54FA5E17B12D}.Gorilla|iPhoneSimulator.Build.0 = Debug|Any CPU
		{69D68D72-E4C5-4C6C-BBED-54FA5E17B12D}.Release|Any CPU.ActiveCfg = Release|Any CPU
		{69D68D72-E4C5-4C6C-BBED-54FA5E17B12D}.Release|Any CPU.Build.0 = Release|Any CPU
		{69D68D72-E4C5-4C6C-BBED-54FA5E17B12D}.Release|iPhone.ActiveCfg = Release|Any CPU
		{69D68D72-E4C5-4C6C-BBED-54FA5E17B12D}.Release|iPhone.Build.0 = Release|Any CPU
		{69D68D72-E4C5-4C6C-BBED-54FA5E17B12D}.Release|iPhoneSimulator.ActiveCfg = Release|Any CPU
		{69D68D72-E4C5-4C6C-BBED-54FA5E17B12D}.Release|iPhoneSimulator.Build.0 = Release|Any CPU
		{B0BA9BA8-6149-46BD-A02E-B0CCC1FDEE45}.Ad-Hoc|Any CPU.ActiveCfg = Debug|Any CPU
		{B0BA9BA8-6149-46BD-A02E-B0CCC1FDEE45}.Ad-Hoc|Any CPU.Build.0 = Debug|Any CPU
		{B0BA9BA8-6149-46BD-A02E-B0CCC1FDEE45}.Ad-Hoc|iPhone.ActiveCfg = Debug|Any CPU
		{B0BA9BA8-6149-46BD-A02E-B0CCC1FDEE45}.Ad-Hoc|iPhone.Build.0 = Debug|Any CPU
		{B0BA9BA8-6149-46BD-A02E-B0CCC1FDEE45}.Ad-Hoc|iPhoneSimulator.ActiveCfg = Debug|Any CPU
		{B0BA9BA8-6149-46BD-A02E-B0CCC1FDEE45}.Ad-Hoc|iPhoneSimulator.Build.0 = Debug|Any CPU
		{B0BA9BA8-6149-46BD-A02E-B0CCC1FDEE45}.AppStore|Any CPU.ActiveCfg = Debug|Any CPU
		{B0BA9BA8-6149-46BD-A02E-B0CCC1FDEE45}.AppStore|Any CPU.Build.0 = Debug|Any CPU
		{B0BA9BA8-6149-46BD-A02E-B0CCC1FDEE45}.AppStore|iPhone.ActiveCfg = Debug|Any CPU
		{B0BA9BA8-6149-46BD-A02E-B0CCC1FDEE45}.AppStore|iPhone.Build.0 = Debug|Any CPU
		{B0BA9BA8-6149-46BD-A02E-B0CCC1FDEE45}.AppStore|iPhoneSimulator.ActiveCfg = Debug|Any CPU
		{B0BA9BA8-6149-46BD-A02E-B0CCC1FDEE45}.AppStore|iPhoneSimulator.Build.0 = Debug|Any CPU
		{B0BA9BA8-6149-46BD-A02E-B0CCC1FDEE45}.Debug|Any CPU.ActiveCfg = Debug|Any CPU
		{B0BA9BA8-6149-46BD-A02E-B0CCC1FDEE45}.Debug|Any CPU.Build.0 = Debug|Any CPU
		{B0BA9BA8-6149-46BD-A02E-B0CCC1FDEE45}.Debug|iPhone.ActiveCfg = Debug|Any CPU
		{B0BA9BA8-6149-46BD-A02E-B0CCC1FDEE45}.Debug|iPhone.Build.0 = Debug|Any CPU
		{B0BA9BA8-6149-46BD-A02E-B0CCC1FDEE45}.Debug|iPhoneSimulator.ActiveCfg = Debug|Any CPU
		{B0BA9BA8-6149-46BD-A02E-B0CCC1FDEE45}.Debug|iPhoneSimulator.Build.0 = Debug|Any CPU
		{B0BA9BA8-6149-46BD-A02E-B0CCC1FDEE45}.Gorilla|Any CPU.ActiveCfg = Debug|Any CPU
		{B0BA9BA8-6149-46BD-A02E-B0CCC1FDEE45}.Gorilla|Any CPU.Build.0 = Debug|Any CPU
		{B0BA9BA8-6149-46BD-A02E-B0CCC1FDEE45}.Gorilla|iPhone.ActiveCfg = Debug|Any CPU
		{B0BA9BA8-6149-46BD-A02E-B0CCC1FDEE45}.Gorilla|iPhone.Build.0 = Debug|Any CPU
		{B0BA9BA8-6149-46BD-A02E-B0CCC1FDEE45}.Gorilla|iPhoneSimulator.ActiveCfg = Debug|Any CPU
		{B0BA9BA8-6149-46BD-A02E-B0CCC1FDEE45}.Gorilla|iPhoneSimulator.Build.0 = Debug|Any CPU
		{B0BA9BA8-6149-46BD-A02E-B0CCC1FDEE45}.Release|Any CPU.ActiveCfg = Release|Any CPU
		{B0BA9BA8-6149-46BD-A02E-B0CCC1FDEE45}.Release|Any CPU.Build.0 = Release|Any CPU
		{B0BA9BA8-6149-46BD-A02E-B0CCC1FDEE45}.Release|iPhone.ActiveCfg = Release|Any CPU
		{B0BA9BA8-6149-46BD-A02E-B0CCC1FDEE45}.Release|iPhone.Build.0 = Release|Any CPU
		{B0BA9BA8-6149-46BD-A02E-B0CCC1FDEE45}.Release|iPhoneSimulator.ActiveCfg = Release|Any CPU
		{B0BA9BA8-6149-46BD-A02E-B0CCC1FDEE45}.Release|iPhoneSimulator.Build.0 = Release|Any CPU
		{B6729F49-DDC0-481F-8DFD-91F0DA59F544}.Ad-Hoc|Any CPU.ActiveCfg = Debug|Any CPU
		{B6729F49-DDC0-481F-8DFD-91F0DA59F544}.Ad-Hoc|Any CPU.Build.0 = Debug|Any CPU
		{B6729F49-DDC0-481F-8DFD-91F0DA59F544}.Ad-Hoc|iPhone.ActiveCfg = Debug|Any CPU
		{B6729F49-DDC0-481F-8DFD-91F0DA59F544}.Ad-Hoc|iPhone.Build.0 = Debug|Any CPU
		{B6729F49-DDC0-481F-8DFD-91F0DA59F544}.Ad-Hoc|iPhoneSimulator.ActiveCfg = Debug|Any CPU
		{B6729F49-DDC0-481F-8DFD-91F0DA59F544}.Ad-Hoc|iPhoneSimulator.Build.0 = Debug|Any CPU
		{B6729F49-DDC0-481F-8DFD-91F0DA59F544}.AppStore|Any CPU.ActiveCfg = Debug|Any CPU
		{B6729F49-DDC0-481F-8DFD-91F0DA59F544}.AppStore|Any CPU.Build.0 = Debug|Any CPU
		{B6729F49-DDC0-481F-8DFD-91F0DA59F544}.AppStore|iPhone.ActiveCfg = Debug|Any CPU
		{B6729F49-DDC0-481F-8DFD-91F0DA59F544}.AppStore|iPhone.Build.0 = Debug|Any CPU
		{B6729F49-DDC0-481F-8DFD-91F0DA59F544}.AppStore|iPhoneSimulator.ActiveCfg = Debug|Any CPU
		{B6729F49-DDC0-481F-8DFD-91F0DA59F544}.AppStore|iPhoneSimulator.Build.0 = Debug|Any CPU
		{B6729F49-DDC0-481F-8DFD-91F0DA59F544}.Debug|Any CPU.ActiveCfg = Debug|Any CPU
		{B6729F49-DDC0-481F-8DFD-91F0DA59F544}.Debug|Any CPU.Build.0 = Debug|Any CPU
		{B6729F49-DDC0-481F-8DFD-91F0DA59F544}.Debug|iPhone.ActiveCfg = Debug|Any CPU
		{B6729F49-DDC0-481F-8DFD-91F0DA59F544}.Debug|iPhone.Build.0 = Debug|Any CPU
		{B6729F49-DDC0-481F-8DFD-91F0DA59F544}.Debug|iPhoneSimulator.ActiveCfg = Debug|Any CPU
		{B6729F49-DDC0-481F-8DFD-91F0DA59F544}.Debug|iPhoneSimulator.Build.0 = Debug|Any CPU
		{B6729F49-DDC0-481F-8DFD-91F0DA59F544}.Gorilla|Any CPU.ActiveCfg = Debug|Any CPU
		{B6729F49-DDC0-481F-8DFD-91F0DA59F544}.Gorilla|Any CPU.Build.0 = Debug|Any CPU
		{B6729F49-DDC0-481F-8DFD-91F0DA59F544}.Gorilla|iPhone.ActiveCfg = Debug|Any CPU
		{B6729F49-DDC0-481F-8DFD-91F0DA59F544}.Gorilla|iPhone.Build.0 = Debug|Any CPU
		{B6729F49-DDC0-481F-8DFD-91F0DA59F544}.Gorilla|iPhoneSimulator.ActiveCfg = Debug|Any CPU
		{B6729F49-DDC0-481F-8DFD-91F0DA59F544}.Gorilla|iPhoneSimulator.Build.0 = Debug|Any CPU
		{B6729F49-DDC0-481F-8DFD-91F0DA59F544}.Release|Any CPU.ActiveCfg = Release|Any CPU
		{B6729F49-DDC0-481F-8DFD-91F0DA59F544}.Release|Any CPU.Build.0 = Release|Any CPU
		{B6729F49-DDC0-481F-8DFD-91F0DA59F544}.Release|iPhone.ActiveCfg = Release|Any CPU
		{B6729F49-DDC0-481F-8DFD-91F0DA59F544}.Release|iPhone.Build.0 = Release|Any CPU
		{B6729F49-DDC0-481F-8DFD-91F0DA59F544}.Release|iPhoneSimulator.ActiveCfg = Release|Any CPU
		{B6729F49-DDC0-481F-8DFD-91F0DA59F544}.Release|iPhoneSimulator.Build.0 = Release|Any CPU
	EndGlobalSection
	GlobalSection(SolutionProperties) = preSolution
		HideSolutionNode = FALSE
	EndGlobalSection
	GlobalSection(ExtensibilityGlobals) = postSolution
		SolutionGuid = {58076A83-CF96-401F-82E6-7BE985E354A1}
	EndGlobalSection
EndGlobal
